
Microsoft Visual Studio Solution File, Format Version 12.00
# Visual Studio 15
VisualStudioVersion = 15.0.28307.438
MinimumVisualStudioVersion = 10.0.40219.1
Project("{FAE04EC0-301F-11D3-BF4B-00C04F79EFBC}") = "Interpreter", "Interpreter\Interpreter.csproj", "{A062B837-C2C1-4A22-A7BB-DBCCBB5D557D}"
EndProject
Project("{FAE04EC0-301F-11D3-BF4B-00C04F79EFBC}") = "State", "State\State.csproj", "{3129DE45-57F2-4F04-8C3F-C114E5CE964C}"
EndProject
Project("{FAE04EC0-301F-11D3-BF4B-00C04F79EFBC}") = "Composite", "Composite\Composite.csproj", "{01B435D6-BF49-41AE-949C-CC7F4BA6508F}"
EndProject
Project("{FAE04EC0-301F-11D3-BF4B-00C04F79EFBC}") = "AbstractFactory", "AbstractFactory\AbstractFactory.csproj", "{63E99E99-8BE1-40B7-AF7B-92AB4CFF3E10}"
EndProject
Project("{FAE04EC0-301F-11D3-BF4B-00C04F79EFBC}") = "Adapter", "Adapter\Adapter.csproj", "{6895C0DE-5D78-4244-AB0F-97C8430958E7}"
EndProject
Project("{FAE04EC0-301F-11D3-BF4B-00C04F79EFBC}") = "Iterator", "Iterator\Iterator.csproj", "{EAE63E52-982C-45B0-A76A-413346407597}"
EndProject
Project("{FAE04EC0-301F-11D3-BF4B-00C04F79EFBC}") = "Builder", "Builder\Builder.csproj", "{8B7C9D01-3E52-4F8B-8F41-B305F3B40557}"
EndProject
Project("{FAE04EC0-301F-11D3-BF4B-00C04F79EFBC}") = "Bridge", "Bridge\Bridge.csproj", "{F0C1D33C-5395-4C02-B539-ACAC9E3DD5CF}"
EndProject
Project("{FAE04EC0-301F-11D3-BF4B-00C04F79EFBC}") = "Mediator", "Mediator\Mediator.csproj", "{B16FA719-665C-458D-9D6C-832789AB1781}"
EndProject
Project("{FAE04EC0-301F-11D3-BF4B-00C04F79EFBC}") = "FactoryMethod", "FactoryMethod\FactoryMethod.csproj", "{996EFAA9-DACE-4753-9093-C8E5DF0985A9}"
EndProject
Global
	GlobalSection(SolutionConfigurationPlatforms) = preSolution
		Debug|Any CPU = Debug|Any CPU
		Release|Any CPU = Release|Any CPU
	EndGlobalSection
	GlobalSection(ProjectConfigurationPlatforms) = postSolution
		{A062B837-C2C1-4A22-A7BB-DBCCBB5D557D}.Debug|Any CPU.ActiveCfg = Debug|Any CPU
		{A062B837-C2C1-4A22-A7BB-DBCCBB5D557D}.Debug|Any CPU.Build.0 = Debug|Any CPU
		{A062B837-C2C1-4A22-A7BB-DBCCBB5D557D}.Release|Any CPU.ActiveCfg = Release|Any CPU
		{A062B837-C2C1-4A22-A7BB-DBCCBB5D557D}.Release|Any CPU.Build.0 = Release|Any CPU
		{3129DE45-57F2-4F04-8C3F-C114E5CE964C}.Debug|Any CPU.ActiveCfg = Debug|Any CPU
		{3129DE45-57F2-4F04-8C3F-C114E5CE964C}.Debug|Any CPU.Build.0 = Debug|Any CPU
		{3129DE45-57F2-4F04-8C3F-C114E5CE964C}.Release|Any CPU.ActiveCfg = Release|Any CPU
		{3129DE45-57F2-4F04-8C3F-C114E5CE964C}.Release|Any CPU.Build.0 = Release|Any CPU
		{01B435D6-BF49-41AE-949C-CC7F4BA6508F}.Debug|Any CPU.ActiveCfg = Debug|Any CPU
		{01B435D6-BF49-41AE-949C-CC7F4BA6508F}.Debug|Any CPU.Build.0 = Debug|Any CPU
		{01B435D6-BF49-41AE-949C-CC7F4BA6508F}.Release|Any CPU.ActiveCfg = Release|Any CPU
		{01B435D6-BF49-41AE-949C-CC7F4BA6508F}.Release|Any CPU.Build.0 = Release|Any CPU
		{63E99E99-8BE1-40B7-AF7B-92AB4CFF3E10}.Debug|Any CPU.ActiveCfg = Debug|Any CPU
		{63E99E99-8BE1-40B7-AF7B-92AB4CFF3E10}.Debug|Any CPU.Build.0 = Debug|Any CPU
		{63E99E99-8BE1-40B7-AF7B-92AB4CFF3E10}.Release|Any CPU.ActiveCfg = Release|Any CPU
		{63E99E99-8BE1-40B7-AF7B-92AB4CFF3E10}.Release|Any CPU.Build.0 = Release|Any CPU
		{6895C0DE-5D78-4244-AB0F-97C8430958E7}.Debug|Any CPU.ActiveCfg = Debug|Any CPU
		{6895C0DE-5D78-4244-AB0F-97C8430958E7}.Debug|Any CPU.Build.0 = Debug|Any CPU
		{6895C0DE-5D78-4244-AB0F-97C8430958E7}.Release|Any CPU.ActiveCfg = Release|Any CPU
		{6895C0DE-5D78-4244-AB0F-97C8430958E7}.Release|Any CPU.Build.0 = Release|Any CPU
		{EAE63E52-982C-45B0-A76A-413346407597}.Debug|Any CPU.ActiveCfg = Debug|Any CPU
		{EAE63E52-982C-45B0-A76A-413346407597}.Debug|Any CPU.Build.0 = Debug|Any CPU
		{EAE63E52-982C-45B0-A76A-413346407597}.Release|Any CPU.ActiveCfg = Release|Any CPU
		{EAE63E52-982C-45B0-A76A-413346407597}.Release|Any CPU.Build.0 = Release|Any CPU
		{8B7C9D01-3E52-4F8B-8F41-B305F3B40557}.Debug|Any CPU.ActiveCfg = Debug|Any CPU
		{8B7C9D01-3E52-4F8B-8F41-B305F3B40557}.Debug|Any CPU.Build.0 = Debug|Any CPU
		{8B7C9D01-3E52-4F8B-8F41-B305F3B40557}.Release|Any CPU.ActiveCfg = Release|Any CPU
		{8B7C9D01-3E52-4F8B-8F41-B305F3B40557}.Release|Any CPU.Build.0 = Release|Any CPU
		{F0C1D33C-5395-4C02-B539-ACAC9E3DD5CF}.Debug|Any CPU.ActiveCfg = Debug|Any CPU
		{F0C1D33C-5395-4C02-B539-ACAC9E3DD5CF}.Debug|Any CPU.Build.0 = Debug|Any CPU
		{F0C1D33C-5395-4C02-B539-ACAC9E3DD5CF}.Release|Any CPU.ActiveCfg = Release|Any CPU
		{F0C1D33C-5395-4C02-B539-ACAC9E3DD5CF}.Release|Any CPU.Build.0 = Release|Any CPU
		{B16FA719-665C-458D-9D6C-832789AB1781}.Debug|Any CPU.ActiveCfg = Debug|Any CPU
		{B16FA719-665C-458D-9D6C-832789AB1781}.Debug|Any CPU.Build.0 = Debug|Any CPU
		{B16FA719-665C-458D-9D6C-832789AB1781}.Release|Any CPU.ActiveCfg = Release|Any CPU
		{B16FA719-665C-458D-9D6C-832789AB1781}.Release|Any CPU.Build.0 = Release|Any CPU
		{996EFAA9-DACE-4753-9093-C8E5DF0985A9}.Debug|Any CPU.ActiveCfg = Debug|Any CPU
		{996EFAA9-DACE-4753-9093-C8E5DF0985A9}.Debug|Any CPU.Build.0 = Debug|Any CPU
		{996EFAA9-DACE-4753-9093-C8E5DF0985A9}.Release|Any CPU.ActiveCfg = Release|Any CPU
		{996EFAA9-DACE-4753-9093-C8E5DF0985A9}.Release|Any CPU.Build.0 = Release|Any CPU
	EndGlobalSection
	GlobalSection(SolutionProperties) = preSolution
		HideSolutionNode = FALSE
	EndGlobalSection
	GlobalSection(ExtensibilityGlobals) = postSolution
		SolutionGuid = {A897F62F-0F69-4361-A773-E1F1E2B45070}
	EndGlobalSection
EndGlobal
