
Microsoft Visual Studio Solution File, Format Version 12.00
# Visual Studio 15
VisualStudioVersion = 15.0.28307.438
MinimumVisualStudioVersion = 10.0.40219.1
Project("{FAE04EC0-301F-11D3-BF4B-00C04F79EFBC}") = "Interpreter", "Interpreter\Interpreter.csproj", "{A062B837-C2C1-4A22-A7BB-DBCCBB5D557D}"
EndProject
Project("{FAE04EC0-301F-11D3-BF4B-00C04F79EFBC}") = "State", "State\State.csproj", "{3129DE45-57F2-4F04-8C3F-C114E5CE964C}"
EndProject
Global
	GlobalSection(SolutionConfigurationPlatforms) = preSolution
		Debug|Any CPU = Debug|Any CPU
		Release|Any CPU = Release|Any CPU
	EndGlobalSection
	GlobalSection(ProjectConfigurationPlatforms) = postSolution
		{A062B837-C2C1-4A22-A7BB-DBCCBB5D557D}.Debug|Any CPU.ActiveCfg = Debug|Any CPU
		{A062B837-C2C1-4A22-A7BB-DBCCBB5D557D}.Debug|Any CPU.Build.0 = Debug|Any CPU
		{A062B837-C2C1-4A22-A7BB-DBCCBB5D557D}.Release|Any CPU.ActiveCfg = Release|Any CPU
		{A062B837-C2C1-4A22-A7BB-DBCCBB5D557D}.Release|Any CPU.Build.0 = Release|Any CPU
		{3129DE45-57F2-4F04-8C3F-C114E5CE964C}.Debug|Any CPU.ActiveCfg = Debug|Any CPU
		{3129DE45-57F2-4F04-8C3F-C114E5CE964C}.Debug|Any CPU.Build.0 = Debug|Any CPU
		{3129DE45-57F2-4F04-8C3F-C114E5CE964C}.Release|Any CPU.ActiveCfg = Release|Any CPU
		{3129DE45-57F2-4F04-8C3F-C114E5CE964C}.Release|Any CPU.Build.0 = Release|Any CPU
	EndGlobalSection
	GlobalSection(SolutionProperties) = preSolution
		HideSolutionNode = FALSE
	EndGlobalSection
	GlobalSection(ExtensibilityGlobals) = postSolution
		SolutionGuid = {A897F62F-0F69-4361-A773-E1F1E2B45070}
	EndGlobalSection
EndGlobal
