
Microsoft Visual Studio Solution File, Format Version 12.00
# Visual Studio 15
VisualStudioVersion = 15.0.28307.438
MinimumVisualStudioVersion = 10.0.40219.1
Project("{FAE04EC0-301F-11D3-BF4B-00C04F79EFBC}") = "Interpreter", "Interpreter\Interpreter.csproj", "{A062B837-C2C1-4A22-A7BB-DBCCBB5D557D}"
EndProject
Project("{FAE04EC0-301F-11D3-BF4B-00C04F79EFBC}") = "State", "State\State.csproj", "{3129DE45-57F2-4F04-8C3F-C114E5CE964C}"
EndProject
Project("{FAE04EC0-301F-11D3-BF4B-00C04F79EFBC}") = "Composite", "Composite\Composite.csproj", "{01B435D6-BF49-41AE-949C-CC7F4BA6508F}"
EndProject
Project("{FAE04EC0-301F-11D3-BF4B-00C04F79EFBC}") = "AbstractFactory", "AbstractFactory\AbstractFactory.csproj", "{63E99E99-8BE1-40B7-AF7B-92AB4CFF3E10}"
EndProject
Project("{FAE04EC0-301F-11D3-BF4B-00C04F79EFBC}") = "Adapter", "Adapter\Adapter.csproj", "{6895C0DE-5D78-4244-AB0F-97C8430958E7}"
EndProject
Project("{FAE04EC0-301F-11D3-BF4B-00C04F79EFBC}") = "Iterator", "Iterator\Iterator.csproj", "{EAE63E52-982C-45B0-A76A-413346407597}"
EndProject
Project("{FAE04EC0-301F-11D3-BF4B-00C04F79EFBC}") = "Builder", "Builder\Builder.csproj", "{8B7C9D01-3E52-4F8B-8F41-B305F3B40557}"
EndProject
Project("{FAE04EC0-301F-11D3-BF4B-00C04F79EFBC}") = "Bridge", "Bridge\Bridge.csproj", "{F0C1D33C-5395-4C02-B539-ACAC9E3DD5CF}"
EndProject
Project("{FAE04EC0-301F-11D3-BF4B-00C04F79EFBC}") = "Mediator", "Mediator\Mediator.csproj", "{B16FA719-665C-458D-9D6C-832789AB1781}"
EndProject
Project("{FAE04EC0-301F-11D3-BF4B-00C04F79EFBC}") = "FactoryMethod", "FactoryMethod\FactoryMethod.csproj", "{996EFAA9-DACE-4753-9093-C8E5DF0985A9}"
EndProject
Project("{FAE04EC0-301F-11D3-BF4B-00C04F79EFBC}") = "Decorator", "Decorator\Decorator.csproj", "{62F0CA18-988D-4354-89E8-21284697BC2F}"
EndProject
Project("{FAE04EC0-301F-11D3-BF4B-00C04F79EFBC}") = "ChainOfResponsibility", "ChainOfResponsibility\ChainOfResponsibility.csproj", "{595A95FF-92A3-47C0-A7A4-439E5DE67293}"
EndProject
Project("{FAE04EC0-301F-11D3-BF4B-00C04F79EFBC}") = "Prototype", "Prototype\Prototype.csproj", "{C97E91F3-F706-42AE-ABD9-9A0D4207CE6F}"
EndProject
Project("{FAE04EC0-301F-11D3-BF4B-00C04F79EFBC}") = "Facade", "Facade\Facade.csproj", "{06D65FA2-45C3-4E02-BDDE-BB88C1492E5C}"
EndProject
Project("{FAE04EC0-301F-11D3-BF4B-00C04F79EFBC}") = "Command", "Command\Command.csproj", "{ED2AE0FB-C176-4834-A395-80120A380CAB}"
EndProject
Project("{FAE04EC0-301F-11D3-BF4B-00C04F79EFBC}") = "Singleton", "Singleton\Singleton.csproj", "{66BC9654-8130-41C3-A64B-99CD8286AB72}"
EndProject
Project("{FAE04EC0-301F-11D3-BF4B-00C04F79EFBC}") = "Flyweight", "Flyweight\Flyweight.csproj", "{961BD396-0DC4-4DB0-B1F8-BB5FE730AF21}"
EndProject
Project("{FAE04EC0-301F-11D3-BF4B-00C04F79EFBC}") = "Memento", "Memento\Memento.csproj", "{0D25C5ED-B209-4328-9A39-3F9722CB9732}"
EndProject
Project("{FAE04EC0-301F-11D3-BF4B-00C04F79EFBC}") = "Proxy", "Proxy\Proxy.csproj", "{2D3731EE-3C6A-486E-87B7-D3743B8A191F}"
EndProject
Project("{FAE04EC0-301F-11D3-BF4B-00C04F79EFBC}") = "Strategy", "Strategy\Strategy.csproj", "{5105A676-5496-4971-8D0D-C86C0478F9BC}"
EndProject
Project("{FAE04EC0-301F-11D3-BF4B-00C04F79EFBC}") = "TemplateMethod", "TemplateMethod\TemplateMethod.csproj", "{F7477B45-7C5D-4D5E-8DA8-697FD43BE8ED}"
EndProject
Project("{FAE04EC0-301F-11D3-BF4B-00C04F79EFBC}") = "Visitor", "Visitor\Visitor.csproj", "{ACCF78E7-1BF8-4A20-8C0D-59EC4ABBB228}"
EndProject
Project("{FAE04EC0-301F-11D3-BF4B-00C04F79EFBC}") = "Observer", "Observer\Observer.csproj", "{36EF864E-52E7-43C3-AB25-6216BC6FAD26}"
EndProject
Global
	GlobalSection(SolutionConfigurationPlatforms) = preSolution
		Debug|Any CPU = Debug|Any CPU
		Release|Any CPU = Release|Any CPU
	EndGlobalSection
	GlobalSection(ProjectConfigurationPlatforms) = postSolution
		{A062B837-C2C1-4A22-A7BB-DBCCBB5D557D}.Debug|Any CPU.ActiveCfg = Debug|Any CPU
		{A062B837-C2C1-4A22-A7BB-DBCCBB5D557D}.Debug|Any CPU.Build.0 = Debug|Any CPU
		{A062B837-C2C1-4A22-A7BB-DBCCBB5D557D}.Release|Any CPU.ActiveCfg = Release|Any CPU
		{A062B837-C2C1-4A22-A7BB-DBCCBB5D557D}.Release|Any CPU.Build.0 = Release|Any CPU
		{3129DE45-57F2-4F04-8C3F-C114E5CE964C}.Debug|Any CPU.ActiveCfg = Debug|Any CPU
		{3129DE45-57F2-4F04-8C3F-C114E5CE964C}.Debug|Any CPU.Build.0 = Debug|Any CPU
		{3129DE45-57F2-4F04-8C3F-C114E5CE964C}.Release|Any CPU.ActiveCfg = Release|Any CPU
		{3129DE45-57F2-4F04-8C3F-C114E5CE964C}.Release|Any CPU.Build.0 = Release|Any CPU
		{01B435D6-BF49-41AE-949C-CC7F4BA6508F}.Debug|Any CPU.ActiveCfg = Debug|Any CPU
		{01B435D6-BF49-41AE-949C-CC7F4BA6508F}.Debug|Any CPU.Build.0 = Debug|Any CPU
		{01B435D6-BF49-41AE-949C-CC7F4BA6508F}.Release|Any CPU.ActiveCfg = Release|Any CPU
		{01B435D6-BF49-41AE-949C-CC7F4BA6508F}.Release|Any CPU.Build.0 = Release|Any CPU
		{63E99E99-8BE1-40B7-AF7B-92AB4CFF3E10}.Debug|Any CPU.ActiveCfg = Debug|Any CPU
		{63E99E99-8BE1-40B7-AF7B-92AB4CFF3E10}.Debug|Any CPU.Build.0 = Debug|Any CPU
		{63E99E99-8BE1-40B7-AF7B-92AB4CFF3E10}.Release|Any CPU.ActiveCfg = Release|Any CPU
		{63E99E99-8BE1-40B7-AF7B-92AB4CFF3E10}.Release|Any CPU.Build.0 = Release|Any CPU
		{6895C0DE-5D78-4244-AB0F-97C8430958E7}.Debug|Any CPU.ActiveCfg = Debug|Any CPU
		{6895C0DE-5D78-4244-AB0F-97C8430958E7}.Debug|Any CPU.Build.0 = Debug|Any CPU
		{6895C0DE-5D78-4244-AB0F-97C8430958E7}.Release|Any CPU.ActiveCfg = Release|Any CPU
		{6895C0DE-5D78-4244-AB0F-97C8430958E7}.Release|Any CPU.Build.0 = Release|Any CPU
		{EAE63E52-982C-45B0-A76A-413346407597}.Debug|Any CPU.ActiveCfg = Debug|Any CPU
		{EAE63E52-982C-45B0-A76A-413346407597}.Debug|Any CPU.Build.0 = Debug|Any CPU
		{EAE63E52-982C-45B0-A76A-413346407597}.Release|Any CPU.ActiveCfg = Release|Any CPU
		{EAE63E52-982C-45B0-A76A-413346407597}.Release|Any CPU.Build.0 = Release|Any CPU
		{8B7C9D01-3E52-4F8B-8F41-B305F3B40557}.Debug|Any CPU.ActiveCfg = Debug|Any CPU
		{8B7C9D01-3E52-4F8B-8F41-B305F3B40557}.Debug|Any CPU.Build.0 = Debug|Any CPU
		{8B7C9D01-3E52-4F8B-8F41-B305F3B40557}.Release|Any CPU.ActiveCfg = Release|Any CPU
		{8B7C9D01-3E52-4F8B-8F41-B305F3B40557}.Release|Any CPU.Build.0 = Release|Any CPU
		{F0C1D33C-5395-4C02-B539-ACAC9E3DD5CF}.Debug|Any CPU.ActiveCfg = Debug|Any CPU
		{F0C1D33C-5395-4C02-B539-ACAC9E3DD5CF}.Debug|Any CPU.Build.0 = Debug|Any CPU
		{F0C1D33C-5395-4C02-B539-ACAC9E3DD5CF}.Release|Any CPU.ActiveCfg = Release|Any CPU
		{F0C1D33C-5395-4C02-B539-ACAC9E3DD5CF}.Release|Any CPU.Build.0 = Release|Any CPU
		{B16FA719-665C-458D-9D6C-832789AB1781}.Debug|Any CPU.ActiveCfg = Debug|Any CPU
		{B16FA719-665C-458D-9D6C-832789AB1781}.Debug|Any CPU.Build.0 = Debug|Any CPU
		{B16FA719-665C-458D-9D6C-832789AB1781}.Release|Any CPU.ActiveCfg = Release|Any CPU
		{B16FA719-665C-458D-9D6C-832789AB1781}.Release|Any CPU.Build.0 = Release|Any CPU
		{996EFAA9-DACE-4753-9093-C8E5DF0985A9}.Debug|Any CPU.ActiveCfg = Debug|Any CPU
		{996EFAA9-DACE-4753-9093-C8E5DF0985A9}.Debug|Any CPU.Build.0 = Debug|Any CPU
		{996EFAA9-DACE-4753-9093-C8E5DF0985A9}.Release|Any CPU.ActiveCfg = Release|Any CPU
		{996EFAA9-DACE-4753-9093-C8E5DF0985A9}.Release|Any CPU.Build.0 = Release|Any CPU
		{62F0CA18-988D-4354-89E8-21284697BC2F}.Debug|Any CPU.ActiveCfg = Debug|Any CPU
		{62F0CA18-988D-4354-89E8-21284697BC2F}.Debug|Any CPU.Build.0 = Debug|Any CPU
		{62F0CA18-988D-4354-89E8-21284697BC2F}.Release|Any CPU.ActiveCfg = Release|Any CPU
		{62F0CA18-988D-4354-89E8-21284697BC2F}.Release|Any CPU.Build.0 = Release|Any CPU
		{595A95FF-92A3-47C0-A7A4-439E5DE67293}.Debug|Any CPU.ActiveCfg = Debug|Any CPU
		{595A95FF-92A3-47C0-A7A4-439E5DE67293}.Debug|Any CPU.Build.0 = Debug|Any CPU
		{595A95FF-92A3-47C0-A7A4-439E5DE67293}.Release|Any CPU.ActiveCfg = Release|Any CPU
		{595A95FF-92A3-47C0-A7A4-439E5DE67293}.Release|Any CPU.Build.0 = Release|Any CPU
		{C97E91F3-F706-42AE-ABD9-9A0D4207CE6F}.Debug|Any CPU.ActiveCfg = Debug|Any CPU
		{C97E91F3-F706-42AE-ABD9-9A0D4207CE6F}.Debug|Any CPU.Build.0 = Debug|Any CPU
		{C97E91F3-F706-42AE-ABD9-9A0D4207CE6F}.Release|Any CPU.ActiveCfg = Release|Any CPU
		{C97E91F3-F706-42AE-ABD9-9A0D4207CE6F}.Release|Any CPU.Build.0 = Release|Any CPU
		{06D65FA2-45C3-4E02-BDDE-BB88C1492E5C}.Debug|Any CPU.ActiveCfg = Debug|Any CPU
		{06D65FA2-45C3-4E02-BDDE-BB88C1492E5C}.Debug|Any CPU.Build.0 = Debug|Any CPU
		{06D65FA2-45C3-4E02-BDDE-BB88C1492E5C}.Release|Any CPU.ActiveCfg = Release|Any CPU
		{06D65FA2-45C3-4E02-BDDE-BB88C1492E5C}.Release|Any CPU.Build.0 = Release|Any CPU
		{ED2AE0FB-C176-4834-A395-80120A380CAB}.Debug|Any CPU.ActiveCfg = Debug|Any CPU
		{ED2AE0FB-C176-4834-A395-80120A380CAB}.Debug|Any CPU.Build.0 = Debug|Any CPU
		{ED2AE0FB-C176-4834-A395-80120A380CAB}.Release|Any CPU.ActiveCfg = Release|Any CPU
		{ED2AE0FB-C176-4834-A395-80120A380CAB}.Release|Any CPU.Build.0 = Release|Any CPU
		{66BC9654-8130-41C3-A64B-99CD8286AB72}.Debug|Any CPU.ActiveCfg = Debug|Any CPU
		{66BC9654-8130-41C3-A64B-99CD8286AB72}.Debug|Any CPU.Build.0 = Debug|Any CPU
		{66BC9654-8130-41C3-A64B-99CD8286AB72}.Release|Any CPU.ActiveCfg = Release|Any CPU
		{66BC9654-8130-41C3-A64B-99CD8286AB72}.Release|Any CPU.Build.0 = Release|Any CPU
		{961BD396-0DC4-4DB0-B1F8-BB5FE730AF21}.Debug|Any CPU.ActiveCfg = Debug|Any CPU
		{961BD396-0DC4-4DB0-B1F8-BB5FE730AF21}.Debug|Any CPU.Build.0 = Debug|Any CPU
		{961BD396-0DC4-4DB0-B1F8-BB5FE730AF21}.Release|Any CPU.ActiveCfg = Release|Any CPU
		{961BD396-0DC4-4DB0-B1F8-BB5FE730AF21}.Release|Any CPU.Build.0 = Release|Any CPU
		{0D25C5ED-B209-4328-9A39-3F9722CB9732}.Debug|Any CPU.ActiveCfg = Debug|Any CPU
		{0D25C5ED-B209-4328-9A39-3F9722CB9732}.Debug|Any CPU.Build.0 = Debug|Any CPU
		{0D25C5ED-B209-4328-9A39-3F9722CB9732}.Release|Any CPU.ActiveCfg = Release|Any CPU
		{0D25C5ED-B209-4328-9A39-3F9722CB9732}.Release|Any CPU.Build.0 = Release|Any CPU
		{2D3731EE-3C6A-486E-87B7-D3743B8A191F}.Debug|Any CPU.ActiveCfg = Debug|Any CPU
		{2D3731EE-3C6A-486E-87B7-D3743B8A191F}.Debug|Any CPU.Build.0 = Debug|Any CPU
		{2D3731EE-3C6A-486E-87B7-D3743B8A191F}.Release|Any CPU.ActiveCfg = Release|Any CPU
		{2D3731EE-3C6A-486E-87B7-D3743B8A191F}.Release|Any CPU.Build.0 = Release|Any CPU
		{5105A676-5496-4971-8D0D-C86C0478F9BC}.Debug|Any CPU.ActiveCfg = Debug|Any CPU
		{5105A676-5496-4971-8D0D-C86C0478F9BC}.Debug|Any CPU.Build.0 = Debug|Any CPU
		{5105A676-5496-4971-8D0D-C86C0478F9BC}.Release|Any CPU.ActiveCfg = Release|Any CPU
		{5105A676-5496-4971-8D0D-C86C0478F9BC}.Release|Any CPU.Build.0 = Release|Any CPU
		{F7477B45-7C5D-4D5E-8DA8-697FD43BE8ED}.Debug|Any CPU.ActiveCfg = Debug|Any CPU
		{F7477B45-7C5D-4D5E-8DA8-697FD43BE8ED}.Debug|Any CPU.Build.0 = Debug|Any CPU
		{F7477B45-7C5D-4D5E-8DA8-697FD43BE8ED}.Release|Any CPU.ActiveCfg = Release|Any CPU
		{F7477B45-7C5D-4D5E-8DA8-697FD43BE8ED}.Release|Any CPU.Build.0 = Release|Any CPU
		{ACCF78E7-1BF8-4A20-8C0D-59EC4ABBB228}.Debug|Any CPU.ActiveCfg = Debug|Any CPU
		{ACCF78E7-1BF8-4A20-8C0D-59EC4ABBB228}.Debug|Any CPU.Build.0 = Debug|Any CPU
		{ACCF78E7-1BF8-4A20-8C0D-59EC4ABBB228}.Release|Any CPU.ActiveCfg = Release|Any CPU
		{ACCF78E7-1BF8-4A20-8C0D-59EC4ABBB228}.Release|Any CPU.Build.0 = Release|Any CPU
		{36EF864E-52E7-43C3-AB25-6216BC6FAD26}.Debug|Any CPU.ActiveCfg = Debug|Any CPU
		{36EF864E-52E7-43C3-AB25-6216BC6FAD26}.Debug|Any CPU.Build.0 = Debug|Any CPU
		{36EF864E-52E7-43C3-AB25-6216BC6FAD26}.Release|Any CPU.ActiveCfg = Release|Any CPU
		{36EF864E-52E7-43C3-AB25-6216BC6FAD26}.Release|Any CPU.Build.0 = Release|Any CPU
	EndGlobalSection
	GlobalSection(SolutionProperties) = preSolution
		HideSolutionNode = FALSE
	EndGlobalSection
	GlobalSection(ExtensibilityGlobals) = postSolution
		SolutionGuid = {A897F62F-0F69-4361-A773-E1F1E2B45070}
	EndGlobalSection
EndGlobal
